
Microsoft Visual Studio Solution File, Format Version 12.00
# Visual Studio Version 16
VisualStudioVersion = 16.0.29709.97
MinimumVisualStudioVersion = 10.0.40219.1
Project("{FAE04EC0-301F-11D3-BF4B-00C04F79EFBC}") = "ContentModeration", "ContentModeration\ContentModeration.csproj", "{0D4DE86C-599A-4081-9296-D2E2FC63D126}"
EndProject
Global
	GlobalSection(SolutionConfigurationPlatforms) = preSolution
		Debug|Any CPU = Debug|Any CPU
		Release|Any CPU = Release|Any CPU
	EndGlobalSection
	GlobalSection(ProjectConfigurationPlatforms) = postSolution
		{0D4DE86C-599A-4081-9296-D2E2FC63D126}.Debug|Any CPU.ActiveCfg = Debug|Any CPU
		{0D4DE86C-599A-4081-9296-D2E2FC63D126}.Debug|Any CPU.Build.0 = Debug|Any CPU
		{0D4DE86C-599A-4081-9296-D2E2FC63D126}.Release|Any CPU.ActiveCfg = Release|Any CPU
		{0D4DE86C-599A-4081-9296-D2E2FC63D126}.Release|Any CPU.Build.0 = Release|Any CPU
	EndGlobalSection
	GlobalSection(SolutionProperties) = preSolution
		HideSolutionNode = FALSE
	EndGlobalSection
	GlobalSection(ExtensibilityGlobals) = postSolution
		SolutionGuid = {8202EC55-4DC7-4DD1-AD69-3FE573477053}
	EndGlobalSection
EndGlobal
